
Microsoft Visual Studio Solution File, Format Version 12.00
# Visual Studio Version 17
VisualStudioVersion = 17.13.35828.75 d17.13
MinimumVisualStudioVersion = 10.0.40219.1
Project("{FAE04EC0-301F-11D3-BF4B-00C04F79EFBC}") = "my-calculator", "my-calculator\my-calculator.csproj", "{828B53BC-1C79-4B98-8759-6343024BFE92}"
EndProject
Global
	GlobalSection(SolutionConfigurationPlatforms) = preSolution
		Debug|Any CPU = Debug|Any CPU
		Release|Any CPU = Release|Any CPU
	EndGlobalSection
	GlobalSection(ProjectConfigurationPlatforms) = postSolution
		{828B53BC-1C79-4B98-8759-6343024BFE92}.Debug|Any CPU.ActiveCfg = Debug|Any CPU
		{828B53BC-1C79-4B98-8759-6343024BFE92}.Debug|Any CPU.Build.0 = Debug|Any CPU
		{828B53BC-1C79-4B98-8759-6343024BFE92}.Release|Any CPU.ActiveCfg = Release|Any CPU
		{828B53BC-1C79-4B98-8759-6343024BFE92}.Release|Any CPU.Build.0 = Release|Any CPU
	EndGlobalSection
	GlobalSection(SolutionProperties) = preSolution
		HideSolutionNode = FALSE
	EndGlobalSection
	GlobalSection(ExtensibilityGlobals) = postSolution
		SolutionGuid = {7BB707E9-6778-41E1-8550-9C2F6D0BAF4D}
	EndGlobalSection
EndGlobal
